
Microsoft Visual Studio Solution File, Format Version 12.00
# Visual Studio Version 17
VisualStudioVersion = 17.12.35707.178
MinimumVisualStudioVersion = 10.0.40219.1
Project("{FAE04EC0-301F-11D3-BF4B-00C04F79EFBC}") = "Parky.Api", "..\..\parky-api\Parky\Parky.Api\Parky.Api.csproj", "{04B4203A-82F1-48EF-BD96-685A1C7549B3}"
EndProject
Global
	GlobalSection(SolutionConfigurationPlatforms) = preSolution
		Debug|Any CPU = Debug|Any CPU
		Release|Any CPU = Release|Any CPU
	EndGlobalSection
	GlobalSection(ProjectConfigurationPlatforms) = postSolution
		{04B4203A-82F1-48EF-BD96-685A1C7549B3}.Debug|Any CPU.ActiveCfg = Debug|Any CPU
		{04B4203A-82F1-48EF-BD96-685A1C7549B3}.Debug|Any CPU.Build.0 = Debug|Any CPU
		{04B4203A-82F1-48EF-BD96-685A1C7549B3}.Release|Any CPU.ActiveCfg = Release|Any CPU
		{04B4203A-82F1-48EF-BD96-685A1C7549B3}.Release|Any CPU.Build.0 = Release|Any CPU
	EndGlobalSection
	GlobalSection(SolutionProperties) = preSolution
		HideSolutionNode = FALSE
	EndGlobalSection
EndGlobal
